# generated by rye
# use `rye lock` or `rye sync` to update this lockfile
#
# last locked with the following flags:
#   pre: false
#   features: []
#   all-features: false
#   with-sources: false
#   generate-hashes: false
#   universal: false

-e file:.
accelerate==0.27.2
    # via mergoo
    # via peft
    # via trl
    # via webnavix
aiohttp==3.9.5
    # via datasets
    # via fsspec
aiosignal==1.3.1
    # via aiohttp
annotated-types==0.7.0
    # via pydantic
antlr4-python3-runtime==4.9.3
    # via hydra-core
    # via omegaconf
attrs==23.2.0
    # via aiohttp
bitsandbytes==0.42.0
    # via webnavix
certifi==2024.7.4
    # via requests
    # via sentry-sdk
charset-normalizer==3.3.2
    # via requests
click==8.1.7
    # via wandb
colorama==0.4.6
    # via sacrebleu
contourpy==1.3.1
    # via matplotlib
cycler==0.12.1
    # via matplotlib
datasets==2.19.2
    # via trl
    # via webnavix
deepspeed==0.15.1
    # via webnavix
dill==0.3.7
    # via datasets
    # via multiprocess
docker-pycreds==0.4.0
    # via wandb
docstring-parser==0.16
    # via tyro
filelock==3.15.4
    # via datasets
    # via huggingface-hub
    # via torch
    # via transformers
fonttools==4.55.3
    # via matplotlib
frozenlist==1.4.1
    # via aiohttp
    # via aiosignal
fsspec==2023.10.0
    # via datasets
    # via huggingface-hub
    # via torch
gitdb==4.0.11
    # via gitpython
gitpython==3.1.43
    # via wandb
hjson==3.1.0
    # via deepspeed
huggingface-hub==0.24.6
    # via accelerate
    # via datasets
    # via mergoo
    # via peft
    # via tokenizers
    # via transformers
    # via webnavix
hydra-core==1.3.2
    # via webnavix
idna==3.7
    # via requests
    # via yarl
jinja2==3.1.4
    # via torch
kiwisolver==1.4.8
    # via matplotlib
lefthook==0.1.2
lxml==5.3.0
    # via sacrebleu
    # via webnavix
markdown-it-py==3.0.0
    # via rich
markupsafe==2.1.5
    # via jinja2
matplotlib==3.10.0
    # via webnavix
mdurl==0.1.2
    # via markdown-it-py
mergoo==0.0.10
    # via webnavix
mpmath==1.3.0
    # via sympy
multidict==6.0.5
    # via aiohttp
    # via yarl
multiprocess==0.70.15
    # via datasets
networkx==3.3
    # via torch
ninja==1.11.1.1
    # via deepspeed
numpy==1.26.4
    # via accelerate
    # via contourpy
    # via datasets
    # via deepspeed
    # via matplotlib
    # via mergoo
    # via pandas
    # via peft
    # via pyarrow
    # via sacrebleu
    # via scipy
    # via transformers
    # via trl
    # via weblinx
omegaconf==2.3.0
    # via hydra-core
    # via webnavix
packaging==24.1
    # via accelerate
    # via datasets
    # via deepspeed
    # via huggingface-hub
    # via hydra-core
    # via matplotlib
    # via peft
    # via transformers
pandas==2.2.2
    # via datasets
    # via weblinx
peft==0.12.0
    # via mergoo
    # via webnavix
pillow==11.1.0
    # via matplotlib
platformdirs==4.2.2
    # via wandb
portalocker==2.10.1
    # via sacrebleu
protobuf==5.27.2
    # via mergoo
    # via wandb
psutil==6.0.0
    # via accelerate
    # via deepspeed
    # via peft
    # via wandb
py-cpuinfo==9.0.0
    # via deepspeed
pyarrow==17.0.0
    # via datasets
pyarrow-hotfix==0.6
    # via datasets
pydantic==2.9.2
    # via deepspeed
pydantic-core==2.23.4
    # via pydantic
pygments==2.18.0
    # via rich
pyparsing==3.2.1
    # via matplotlib
python-dateutil==2.9.0.post0
    # via matplotlib
    # via pandas
python-dotenv==1.0.1
    # via webnavix
pytz==2024.1
    # via pandas
pyyaml==6.0.1
    # via accelerate
    # via datasets
    # via huggingface-hub
    # via omegaconf
    # via peft
    # via transformers
    # via wandb
regex==2024.5.15
    # via sacrebleu
    # via transformers
requests==2.32.3
    # via datasets
    # via fsspec
    # via huggingface-hub
    # via transformers
    # via wandb
rich==13.7.1
    # via tyro
ruff==0.6.4
sacrebleu==2.4.3
    # via weblinx
safetensors==0.4.3
    # via accelerate
    # via mergoo
    # via peft
    # via transformers
scipy==1.14.0
    # via bitsandbytes
sentencepiece==0.2.0
    # via mergoo
sentry-sdk==2.13.0
    # via wandb
setproctitle==1.3.3
    # via wandb
setuptools==71.1.0
    # via torch
    # via wandb
shtab==1.7.1
    # via tyro
six==1.16.0
    # via docker-pycreds
    # via python-dateutil
smmap==5.0.1
    # via gitdb
sympy==1.13.1
    # via torch
tabulate==0.9.0
    # via sacrebleu
tokenizers==0.19.1
    # via transformers
torch==2.4.1
    # via accelerate
    # via deepspeed
    # via mergoo
    # via peft
    # via trl
    # via webnavix
tqdm==4.66.2
    # via datasets
    # via deepspeed
    # via huggingface-hub
    # via mergoo
    # via peft
    # via transformers
    # via weblinx
    # via webnavix
transformers==4.42.4
    # via mergoo
    # via peft
    # via trl
    # via webnavix
trl==0.10.1
    # via webnavix
typing-extensions==4.12.2
    # via huggingface-hub
    # via mergoo
    # via pydantic
    # via pydantic-core
    # via torch
    # via tyro
tyro==0.8.5
    # via trl
tzdata==2024.1
    # via pandas
urllib3==2.2.2
    # via requests
    # via sentry-sdk
wandb==0.17.9
    # via webnavix
weblinx==0.3.0
    # via webnavix
xxhash==3.4.1
    # via datasets
yarl==1.9.4
    # via aiohttp
